
Microsoft Visual Studio Solution File, Format Version 12.00
# Visual Studio Version 16
VisualStudioVersion = 16.0.29613.14
MinimumVisualStudioVersion = 10.0.40219.1
Project("{FAE04EC0-301F-11D3-BF4B-00C04F79EFBC}") = "Jojoban Editor", "Jojoban Editor\Jojoban Editor.csproj", "{A086E08F-6B9D-475E-88FE-A66B25EE91F7}"
EndProject
Global
	GlobalSection(SolutionConfigurationPlatforms) = preSolution
		Debug|Any CPU = Debug|Any CPU
		Release|Any CPU = Release|Any CPU
	EndGlobalSection
	GlobalSection(ProjectConfigurationPlatforms) = postSolution
		{A086E08F-6B9D-475E-88FE-A66B25EE91F7}.Debug|Any CPU.ActiveCfg = Debug|Any CPU
		{A086E08F-6B9D-475E-88FE-A66B25EE91F7}.Debug|Any CPU.Build.0 = Debug|Any CPU
		{A086E08F-6B9D-475E-88FE-A66B25EE91F7}.Release|Any CPU.ActiveCfg = Release|Any CPU
		{A086E08F-6B9D-475E-88FE-A66B25EE91F7}.Release|Any CPU.Build.0 = Release|Any CPU
	EndGlobalSection
	GlobalSection(SolutionProperties) = preSolution
		HideSolutionNode = FALSE
	EndGlobalSection
	GlobalSection(ExtensibilityGlobals) = postSolution
		SolutionGuid = {0E01AB22-511C-4E37-88DB-0F457C788A91}
	EndGlobalSection
EndGlobal
